
Microsoft Visual Studio Solution File, Format Version 12.00
# Visual Studio Version 17
VisualStudioVersion = 17.0.31903.59
MinimumVisualStudioVersion = 10.0.40219.1
Project("{2150E333-8FDC-42A3-9474-1A3956D46DE8}") = "src", "src", "{827E0CD3-B72D-47B6-A68D-7590B98EB39B}"
EndProject
Project("{2150E333-8FDC-42A3-9474-1A3956D46DE8}") = "Core", "Core", "{8D626EA8-CB54-BC41-363A-217881BEBA6E}"
EndProject
Project("{FAE04EC0-301F-11D3-BF4B-00C04F79EFBC}") = "Naqi.ECommerce.Domain", "src\Core\Naqi.ECommerce.Domain\Naqi.ECommerce.Domain.csproj", "{69A8BE0D-FF99-4233-AAEA-B4827C083A86}"
EndProject
Project("{FAE04EC0-301F-11D3-BF4B-00C04F79EFBC}") = "Naqi.ECommerce.Application", "src\Core\Naqi.ECommerce.Application\Naqi.ECommerce.Application.csproj", "{3569FB6A-4293-43EE-BFB6-D4186DC016A4}"
EndProject
Project("{2150E333-8FDC-42A3-9474-1A3956D46DE8}") = "Infrastructure", "Infrastructure", "{9048EB7F-3875-A59E-E36B-5BD4C6F2A282}"
EndProject
Project("{FAE04EC0-301F-11D3-BF4B-00C04F79EFBC}") = "Naqi.ECommerce.Infrastructure", "src\Infrastructure\Naqi.ECommerce.Infrastructure\Naqi.ECommerce.Infrastructure.csproj", "{5BB91946-9A03-492B-8902-0901B5666E18}"
EndProject
Project("{2150E333-8FDC-42A3-9474-1A3956D46DE8}") = "Presentation", "Presentation", "{6996BBF7-DB31-59BC-C7DD-9A7CCC6138C4}"
EndProject
Project("{FAE04EC0-301F-11D3-BF4B-00C04F79EFBC}") = "Naqi.ECommerce.Api", "src\Presentation\Naqi.ECommerce.Api\Naqi.ECommerce.Api.csproj", "{24618701-181A-417D-9EB3-41F8537A34FF}"
EndProject
Project("{FAE04EC0-301F-11D3-BF4B-00C04F79EFBC}") = "Naqi.ECommerce.Dashboard", "src\Presentation\Naqi.ECommerce.Dashboard\Naqi.ECommerce.Dashboard.csproj", "{9F7260FA-A9C9-4579-80B6-1751E8AE2EC4}"
EndProject
Project("{2150E333-8FDC-42A3-9474-1A3956D46DE8}") = "tests", "tests", "{0AB3BF05-4346-4AA6-1389-037BE0695223}"
EndProject
Project("{FAE04EC0-301F-11D3-BF4B-00C04F79EFBC}") = "Naqi.ECommerce.Domain.Tests", "tests\Naqi.ECommerce.Domain.Tests\Naqi.ECommerce.Domain.Tests.csproj", "{5BD96C66-5C55-4E60-867A-AFAFF35C9878}"
EndProject
Project("{FAE04EC0-301F-11D3-BF4B-00C04F79EFBC}") = "Naqi.ECommerce.Application.Tests", "tests\Naqi.ECommerce.Application.Tests\Naqi.ECommerce.Application.Tests.csproj", "{8FEE92A7-A27E-4A6B-9028-83CFE214E699}"
EndProject
Project("{FAE04EC0-301F-11D3-BF4B-00C04F79EFBC}") = "Naqi.ECommerce.Infrastructure.Tests", "tests\Naqi.ECommerce.Infrastructure.Tests\Naqi.ECommerce.Infrastructure.Tests.csproj", "{DB1B8CC4-3B5B-42DA-8110-088C5B0290A2}"
EndProject
Project("{FAE04EC0-301F-11D3-BF4B-00C04F79EFBC}") = "Naqi.ECommerce.Api.Tests", "tests\Naqi.ECommerce.Api.Tests\Naqi.ECommerce.Api.Tests.csproj", "{CEEEC43F-2F3D-4655-9058-AC8A55C0242A}"
EndProject
Global
	GlobalSection(SolutionConfigurationPlatforms) = preSolution
		Debug|Any CPU = Debug|Any CPU
		Debug|x64 = Debug|x64
		Debug|x86 = Debug|x86
		Release|Any CPU = Release|Any CPU
		Release|x64 = Release|x64
		Release|x86 = Release|x86
	EndGlobalSection
	GlobalSection(ProjectConfigurationPlatforms) = postSolution
		{69A8BE0D-FF99-4233-AAEA-B4827C083A86}.Debug|Any CPU.ActiveCfg = Debug|Any CPU
		{69A8BE0D-FF99-4233-AAEA-B4827C083A86}.Debug|Any CPU.Build.0 = Debug|Any CPU
		{69A8BE0D-FF99-4233-AAEA-B4827C083A86}.Debug|x64.ActiveCfg = Debug|Any CPU
		{69A8BE0D-FF99-4233-AAEA-B4827C083A86}.Debug|x64.Build.0 = Debug|Any CPU
		{69A8BE0D-FF99-4233-AAEA-B4827C083A86}.Debug|x86.ActiveCfg = Debug|Any CPU
		{69A8BE0D-FF99-4233-AAEA-B4827C083A86}.Debug|x86.Build.0 = Debug|Any CPU
		{69A8BE0D-FF99-4233-AAEA-B4827C083A86}.Release|Any CPU.ActiveCfg = Release|Any CPU
		{69A8BE0D-FF99-4233-AAEA-B4827C083A86}.Release|Any CPU.Build.0 = Release|Any CPU
		{69A8BE0D-FF99-4233-AAEA-B4827C083A86}.Release|x64.ActiveCfg = Release|Any CPU
		{69A8BE0D-FF99-4233-AAEA-B4827C083A86}.Release|x64.Build.0 = Release|Any CPU
		{69A8BE0D-FF99-4233-AAEA-B4827C083A86}.Release|x86.ActiveCfg = Release|Any CPU
		{69A8BE0D-FF99-4233-AAEA-B4827C083A86}.Release|x86.Build.0 = Release|Any CPU
		{3569FB6A-4293-43EE-BFB6-D4186DC016A4}.Debug|Any CPU.ActiveCfg = Debug|Any CPU
		{3569FB6A-4293-43EE-BFB6-D4186DC016A4}.Debug|Any CPU.Build.0 = Debug|Any CPU
		{3569FB6A-4293-43EE-BFB6-D4186DC016A4}.Debug|x64.ActiveCfg = Debug|Any CPU
		{3569FB6A-4293-43EE-BFB6-D4186DC016A4}.Debug|x64.Build.0 = Debug|Any CPU
		{3569FB6A-4293-43EE-BFB6-D4186DC016A4}.Debug|x86.ActiveCfg = Debug|Any CPU
		{3569FB6A-4293-43EE-BFB6-D4186DC016A4}.Debug|x86.Build.0 = Debug|Any CPU
		{3569FB6A-4293-43EE-BFB6-D4186DC016A4}.Release|Any CPU.ActiveCfg = Release|Any CPU
		{3569FB6A-4293-43EE-BFB6-D4186DC016A4}.Release|Any CPU.Build.0 = Release|Any CPU
		{3569FB6A-4293-43EE-BFB6-D4186DC016A4}.Release|x64.ActiveCfg = Release|Any CPU
		{3569FB6A-4293-43EE-BFB6-D4186DC016A4}.Release|x64.Build.0 = Release|Any CPU
		{3569FB6A-4293-43EE-BFB6-D4186DC016A4}.Release|x86.ActiveCfg = Release|Any CPU
		{3569FB6A-4293-43EE-BFB6-D4186DC016A4}.Release|x86.Build.0 = Release|Any CPU
		{5BB91946-9A03-492B-8902-0901B5666E18}.Debug|Any CPU.ActiveCfg = Debug|Any CPU
		{5BB91946-9A03-492B-8902-0901B5666E18}.Debug|Any CPU.Build.0 = Debug|Any CPU
		{5BB91946-9A03-492B-8902-0901B5666E18}.Debug|x64.ActiveCfg = Debug|Any CPU
		{5BB91946-9A03-492B-8902-0901B5666E18}.Debug|x64.Build.0 = Debug|Any CPU
		{5BB91946-9A03-492B-8902-0901B5666E18}.Debug|x86.ActiveCfg = Debug|Any CPU
		{5BB91946-9A03-492B-8902-0901B5666E18}.Debug|x86.Build.0 = Debug|Any CPU
		{5BB91946-9A03-492B-8902-0901B5666E18}.Release|Any CPU.ActiveCfg = Release|Any CPU
		{5BB91946-9A03-492B-8902-0901B5666E18}.Release|Any CPU.Build.0 = Release|Any CPU
		{5BB91946-9A03-492B-8902-0901B5666E18}.Release|x64.ActiveCfg = Release|Any CPU
		{5BB91946-9A03-492B-8902-0901B5666E18}.Release|x64.Build.0 = Release|Any CPU
		{5BB91946-9A03-492B-8902-0901B5666E18}.Release|x86.ActiveCfg = Release|Any CPU
		{5BB91946-9A03-492B-8902-0901B5666E18}.Release|x86.Build.0 = Release|Any CPU
		{24618701-181A-417D-9EB3-41F8537A34FF}.Debug|Any CPU.ActiveCfg = Debug|Any CPU
		{24618701-181A-417D-9EB3-41F8537A34FF}.Debug|Any CPU.Build.0 = Debug|Any CPU
		{24618701-181A-417D-9EB3-41F8537A34FF}.Debug|x64.ActiveCfg = Debug|Any CPU
		{24618701-181A-417D-9EB3-41F8537A34FF}.Debug|x64.Build.0 = Debug|Any CPU
		{24618701-181A-417D-9EB3-41F8537A34FF}.Debug|x86.ActiveCfg = Debug|Any CPU
		{24618701-181A-417D-9EB3-41F8537A34FF}.Debug|x86.Build.0 = Debug|Any CPU
		{24618701-181A-417D-9EB3-41F8537A34FF}.Release|Any CPU.ActiveCfg = Release|Any CPU
		{24618701-181A-417D-9EB3-41F8537A34FF}.Release|Any CPU.Build.0 = Release|Any CPU
		{24618701-181A-417D-9EB3-41F8537A34FF}.Release|x64.ActiveCfg = Release|Any CPU
		{24618701-181A-417D-9EB3-41F8537A34FF}.Release|x64.Build.0 = Release|Any CPU
		{24618701-181A-417D-9EB3-41F8537A34FF}.Release|x86.ActiveCfg = Release|Any CPU
		{24618701-181A-417D-9EB3-41F8537A34FF}.Release|x86.Build.0 = Release|Any CPU
		{9F7260FA-A9C9-4579-80B6-1751E8AE2EC4}.Debug|Any CPU.ActiveCfg = Debug|Any CPU
		{9F7260FA-A9C9-4579-80B6-1751E8AE2EC4}.Debug|Any CPU.Build.0 = Debug|Any CPU
		{9F7260FA-A9C9-4579-80B6-1751E8AE2EC4}.Debug|x64.ActiveCfg = Debug|Any CPU
		{9F7260FA-A9C9-4579-80B6-1751E8AE2EC4}.Debug|x64.Build.0 = Debug|Any CPU
		{9F7260FA-A9C9-4579-80B6-1751E8AE2EC4}.Debug|x86.ActiveCfg = Debug|Any CPU
		{9F7260FA-A9C9-4579-80B6-1751E8AE2EC4}.Debug|x86.Build.0 = Debug|Any CPU
		{9F7260FA-A9C9-4579-80B6-1751E8AE2EC4}.Release|Any CPU.ActiveCfg = Release|Any CPU
		{9F7260FA-A9C9-4579-80B6-1751E8AE2EC4}.Release|Any CPU.Build.0 = Release|Any CPU
		{9F7260FA-A9C9-4579-80B6-1751E8AE2EC4}.Release|x64.ActiveCfg = Release|Any CPU
		{9F7260FA-A9C9-4579-80B6-1751E8AE2EC4}.Release|x64.Build.0 = Release|Any CPU
		{9F7260FA-A9C9-4579-80B6-1751E8AE2EC4}.Release|x86.ActiveCfg = Release|Any CPU
		{9F7260FA-A9C9-4579-80B6-1751E8AE2EC4}.Release|x86.Build.0 = Release|Any CPU
		{5BD96C66-5C55-4E60-867A-AFAFF35C9878}.Debug|Any CPU.ActiveCfg = Debug|Any CPU
		{5BD96C66-5C55-4E60-867A-AFAFF35C9878}.Debug|Any CPU.Build.0 = Debug|Any CPU
		{5BD96C66-5C55-4E60-867A-AFAFF35C9878}.Debug|x64.ActiveCfg = Debug|Any CPU
		{5BD96C66-5C55-4E60-867A-AFAFF35C9878}.Debug|x64.Build.0 = Debug|Any CPU
		{5BD96C66-5C55-4E60-867A-AFAFF35C9878}.Debug|x86.ActiveCfg = Debug|Any CPU
		{5BD96C66-5C55-4E60-867A-AFAFF35C9878}.Debug|x86.Build.0 = Debug|Any CPU
		{5BD96C66-5C55-4E60-867A-AFAFF35C9878}.Release|Any CPU.ActiveCfg = Release|Any CPU
		{5BD96C66-5C55-4E60-867A-AFAFF35C9878}.Release|Any CPU.Build.0 = Release|Any CPU
		{5BD96C66-5C55-4E60-867A-AFAFF35C9878}.Release|x64.ActiveCfg = Release|Any CPU
		{5BD96C66-5C55-4E60-867A-AFAFF35C9878}.Release|x64.Build.0 = Release|Any CPU
		{5BD96C66-5C55-4E60-867A-AFAFF35C9878}.Release|x86.ActiveCfg = Release|Any CPU
		{5BD96C66-5C55-4E60-867A-AFAFF35C9878}.Release|x86.Build.0 = Release|Any CPU
		{8FEE92A7-A27E-4A6B-9028-83CFE214E699}.Debug|Any CPU.ActiveCfg = Debug|Any CPU
		{8FEE92A7-A27E-4A6B-9028-83CFE214E699}.Debug|Any CPU.Build.0 = Debug|Any CPU
		{8FEE92A7-A27E-4A6B-9028-83CFE214E699}.Debug|x64.ActiveCfg = Debug|Any CPU
		{8FEE92A7-A27E-4A6B-9028-83CFE214E699}.Debug|x64.Build.0 = Debug|Any CPU
		{8FEE92A7-A27E-4A6B-9028-83CFE214E699}.Debug|x86.ActiveCfg = Debug|Any CPU
		{8FEE92A7-A27E-4A6B-9028-83CFE214E699}.Debug|x86.Build.0 = Debug|Any CPU
		{8FEE92A7-A27E-4A6B-9028-83CFE214E699}.Release|Any CPU.ActiveCfg = Release|Any CPU
		{8FEE92A7-A27E-4A6B-9028-83CFE214E699}.Release|Any CPU.Build.0 = Release|Any CPU
		{8FEE92A7-A27E-4A6B-9028-83CFE214E699}.Release|x64.ActiveCfg = Release|Any CPU
		{8FEE92A7-A27E-4A6B-9028-83CFE214E699}.Release|x64.Build.0 = Release|Any CPU
		{8FEE92A7-A27E-4A6B-9028-83CFE214E699}.Release|x86.ActiveCfg = Release|Any CPU
		{8FEE92A7-A27E-4A6B-9028-83CFE214E699}.Release|x86.Build.0 = Release|Any CPU
		{DB1B8CC4-3B5B-42DA-8110-088C5B0290A2}.Debug|Any CPU.ActiveCfg = Debug|Any CPU
		{DB1B8CC4-3B5B-42DA-8110-088C5B0290A2}.Debug|Any CPU.Build.0 = Debug|Any CPU
		{DB1B8CC4-3B5B-42DA-8110-088C5B0290A2}.Debug|x64.ActiveCfg = Debug|Any CPU
		{DB1B8CC4-3B5B-42DA-8110-088C5B0290A2}.Debug|x64.Build.0 = Debug|Any CPU
		{DB1B8CC4-3B5B-42DA-8110-088C5B0290A2}.Debug|x86.ActiveCfg = Debug|Any CPU
		{DB1B8CC4-3B5B-42DA-8110-088C5B0290A2}.Debug|x86.Build.0 = Debug|Any CPU
		{DB1B8CC4-3B5B-42DA-8110-088C5B0290A2}.Release|Any CPU.ActiveCfg = Release|Any CPU
		{DB1B8CC4-3B5B-42DA-8110-088C5B0290A2}.Release|Any CPU.Build.0 = Release|Any CPU
		{DB1B8CC4-3B5B-42DA-8110-088C5B0290A2}.Release|x64.ActiveCfg = Release|Any CPU
		{DB1B8CC4-3B5B-42DA-8110-088C5B0290A2}.Release|x64.Build.0 = Release|Any CPU
		{DB1B8CC4-3B5B-42DA-8110-088C5B0290A2}.Release|x86.ActiveCfg = Release|Any CPU
		{DB1B8CC4-3B5B-42DA-8110-088C5B0290A2}.Release|x86.Build.0 = Release|Any CPU
		{CEEEC43F-2F3D-4655-9058-AC8A55C0242A}.Debug|Any CPU.ActiveCfg = Debug|Any CPU
		{CEEEC43F-2F3D-4655-9058-AC8A55C0242A}.Debug|Any CPU.Build.0 = Debug|Any CPU
		{CEEEC43F-2F3D-4655-9058-AC8A55C0242A}.Debug|x64.ActiveCfg = Debug|Any CPU
		{CEEEC43F-2F3D-4655-9058-AC8A55C0242A}.Debug|x64.Build.0 = Debug|Any CPU
		{CEEEC43F-2F3D-4655-9058-AC8A55C0242A}.Debug|x86.ActiveCfg = Debug|Any CPU
		{CEEEC43F-2F3D-4655-9058-AC8A55C0242A}.Debug|x86.Build.0 = Debug|Any CPU
		{CEEEC43F-2F3D-4655-9058-AC8A55C0242A}.Release|Any CPU.ActiveCfg = Release|Any CPU
		{CEEEC43F-2F3D-4655-9058-AC8A55C0242A}.Release|Any CPU.Build.0 = Release|Any CPU
		{CEEEC43F-2F3D-4655-9058-AC8A55C0242A}.Release|x64.ActiveCfg = Release|Any CPU
		{CEEEC43F-2F3D-4655-9058-AC8A55C0242A}.Release|x64.Build.0 = Release|Any CPU
		{CEEEC43F-2F3D-4655-9058-AC8A55C0242A}.Release|x86.ActiveCfg = Release|Any CPU
		{CEEEC43F-2F3D-4655-9058-AC8A55C0242A}.Release|x86.Build.0 = Release|Any CPU
	EndGlobalSection
	GlobalSection(SolutionProperties) = preSolution
		HideSolutionNode = FALSE
	EndGlobalSection
	GlobalSection(NestedProjects) = preSolution
		{8D626EA8-CB54-BC41-363A-217881BEBA6E} = {827E0CD3-B72D-47B6-A68D-7590B98EB39B}
		{69A8BE0D-FF99-4233-AAEA-B4827C083A86} = {8D626EA8-CB54-BC41-363A-217881BEBA6E}
		{3569FB6A-4293-43EE-BFB6-D4186DC016A4} = {8D626EA8-CB54-BC41-363A-217881BEBA6E}
		{9048EB7F-3875-A59E-E36B-5BD4C6F2A282} = {827E0CD3-B72D-47B6-A68D-7590B98EB39B}
		{5BB91946-9A03-492B-8902-0901B5666E18} = {9048EB7F-3875-A59E-E36B-5BD4C6F2A282}
		{6996BBF7-DB31-59BC-C7DD-9A7CCC6138C4} = {827E0CD3-B72D-47B6-A68D-7590B98EB39B}
		{24618701-181A-417D-9EB3-41F8537A34FF} = {6996BBF7-DB31-59BC-C7DD-9A7CCC6138C4}
		{9F7260FA-A9C9-4579-80B6-1751E8AE2EC4} = {6996BBF7-DB31-59BC-C7DD-9A7CCC6138C4}
		{5BD96C66-5C55-4E60-867A-AFAFF35C9878} = {0AB3BF05-4346-4AA6-1389-037BE0695223}
		{8FEE92A7-A27E-4A6B-9028-83CFE214E699} = {0AB3BF05-4346-4AA6-1389-037BE0695223}
		{DB1B8CC4-3B5B-42DA-8110-088C5B0290A2} = {0AB3BF05-4346-4AA6-1389-037BE0695223}
		{CEEEC43F-2F3D-4655-9058-AC8A55C0242A} = {0AB3BF05-4346-4AA6-1389-037BE0695223}
	EndGlobalSection
EndGlobal
